
Microsoft Visual Studio Solution File, Format Version 12.00
# Visual Studio Version 16
VisualStudioVersion = 16.0.29911.98
MinimumVisualStudioVersion = 10.0.40219.1
Project("{FAE04EC0-301F-11D3-BF4B-00C04F79EFBC}") = "ReadAllCountries_ForLoop", "ReadAllCountries_ForLoop.csproj", "{7F66B4D4-0E9F-42D8-A934-9F4FBBE0AAB6}"
EndProject
Global
	GlobalSection(SolutionConfigurationPlatforms) = preSolution
		Debug|Any CPU = Debug|Any CPU
		Release|Any CPU = Release|Any CPU
	EndGlobalSection
	GlobalSection(ProjectConfigurationPlatforms) = postSolution
		{7F66B4D4-0E9F-42D8-A934-9F4FBBE0AAB6}.Debug|Any CPU.ActiveCfg = Debug|Any CPU
		{7F66B4D4-0E9F-42D8-A934-9F4FBBE0AAB6}.Debug|Any CPU.Build.0 = Debug|Any CPU
		{7F66B4D4-0E9F-42D8-A934-9F4FBBE0AAB6}.Release|Any CPU.ActiveCfg = Release|Any CPU
		{7F66B4D4-0E9F-42D8-A934-9F4FBBE0AAB6}.Release|Any CPU.Build.0 = Release|Any CPU
	EndGlobalSection
	GlobalSection(SolutionProperties) = preSolution
		HideSolutionNode = FALSE
	EndGlobalSection
	GlobalSection(ExtensibilityGlobals) = postSolution
		SolutionGuid = {F89FE99C-8AC5-4F32-AD75-622B19A79609}
	EndGlobalSection
EndGlobal
