
Microsoft Visual Studio Solution File, Format Version 12.00
# Visual Studio Version 16
VisualStudioVersion = 16.0.29911.98
MinimumVisualStudioVersion = 10.0.40219.1
Project("{FAE04EC0-301F-11D3-BF4B-00C04F79EFBC}") = "DictionarySnippet", "DictionarySnippet.csproj", "{0BA2F1E7-969E-4D58-9F87-48B0711AFACA}"
EndProject
Global
	GlobalSection(SolutionConfigurationPlatforms) = preSolution
		Debug|Any CPU = Debug|Any CPU
		Release|Any CPU = Release|Any CPU
	EndGlobalSection
	GlobalSection(ProjectConfigurationPlatforms) = postSolution
		{0BA2F1E7-969E-4D58-9F87-48B0711AFACA}.Debug|Any CPU.ActiveCfg = Debug|Any CPU
		{0BA2F1E7-969E-4D58-9F87-48B0711AFACA}.Debug|Any CPU.Build.0 = Debug|Any CPU
		{0BA2F1E7-969E-4D58-9F87-48B0711AFACA}.Release|Any CPU.ActiveCfg = Release|Any CPU
		{0BA2F1E7-969E-4D58-9F87-48B0711AFACA}.Release|Any CPU.Build.0 = Release|Any CPU
	EndGlobalSection
	GlobalSection(SolutionProperties) = preSolution
		HideSolutionNode = FALSE
	EndGlobalSection
	GlobalSection(ExtensibilityGlobals) = postSolution
		SolutionGuid = {B438A3F6-3C2F-4272-89A7-AABBF6BC01A6}
	EndGlobalSection
EndGlobal
